
Microsoft Visual Studio Solution File, Format Version 12.00
# Visual Studio Version 16
VisualStudioVersion = 16.0.31424.327
MinimumVisualStudioVersion = 10.0.40219.1
Project("{9A19103F-16F7-4668-BE54-9A1E7A4F7556}") = "week3day1", "week3day1\week3day1.csproj", "{2B3FF93B-62F3-4EAF-B212-8A336480FAE7}"
EndProject
Project("{FAE04EC0-301F-11D3-BF4B-00C04F79EFBC}") = "week3App1", "week3App1\week3App1.csproj", "{35AC1F80-2511-472D-ADCB-CFA7FE5E7D54}"
EndProject
Project("{FAE04EC0-301F-11D3-BF4B-00C04F79EFBC}") = "week3ConsoleApp2", "week3ConsoleApp2\week3ConsoleApp2.csproj", "{41F190AB-CE6D-4A4D-84AF-145D0A124FD3}"
EndProject
Global
	GlobalSection(SolutionConfigurationPlatforms) = preSolution
		Debug|Any CPU = Debug|Any CPU
		Release|Any CPU = Release|Any CPU
	EndGlobalSection
	GlobalSection(ProjectConfigurationPlatforms) = postSolution
		{2B3FF93B-62F3-4EAF-B212-8A336480FAE7}.Debug|Any CPU.ActiveCfg = Debug|Any CPU
		{2B3FF93B-62F3-4EAF-B212-8A336480FAE7}.Debug|Any CPU.Build.0 = Debug|Any CPU
		{2B3FF93B-62F3-4EAF-B212-8A336480FAE7}.Release|Any CPU.ActiveCfg = Release|Any CPU
		{2B3FF93B-62F3-4EAF-B212-8A336480FAE7}.Release|Any CPU.Build.0 = Release|Any CPU
		{35AC1F80-2511-472D-ADCB-CFA7FE5E7D54}.Debug|Any CPU.ActiveCfg = Debug|Any CPU
		{35AC1F80-2511-472D-ADCB-CFA7FE5E7D54}.Debug|Any CPU.Build.0 = Debug|Any CPU
		{35AC1F80-2511-472D-ADCB-CFA7FE5E7D54}.Release|Any CPU.ActiveCfg = Release|Any CPU
		{35AC1F80-2511-472D-ADCB-CFA7FE5E7D54}.Release|Any CPU.Build.0 = Release|Any CPU
		{41F190AB-CE6D-4A4D-84AF-145D0A124FD3}.Debug|Any CPU.ActiveCfg = Debug|Any CPU
		{41F190AB-CE6D-4A4D-84AF-145D0A124FD3}.Debug|Any CPU.Build.0 = Debug|Any CPU
		{41F190AB-CE6D-4A4D-84AF-145D0A124FD3}.Release|Any CPU.ActiveCfg = Release|Any CPU
		{41F190AB-CE6D-4A4D-84AF-145D0A124FD3}.Release|Any CPU.Build.0 = Release|Any CPU
	EndGlobalSection
	GlobalSection(SolutionProperties) = preSolution
		HideSolutionNode = FALSE
	EndGlobalSection
	GlobalSection(ExtensibilityGlobals) = postSolution
		SolutionGuid = {7CD80AB0-0998-4DED-B347-9876B259FC5A}
	EndGlobalSection
EndGlobal
